
Microsoft Visual Studio Solution File, Format Version 12.00
# Visual Studio Version 17
VisualStudioVersion = 17.10.35013.160
MinimumVisualStudioVersion = 10.0.40219.1
Project("{9A19103F-16F7-4668-BE54-9A1E7A4F7556}") = "DriveBotsWebsite", "DriveBotsWebsite.csproj", "{1A71F674-1EFD-4A0C-8AF9-B025131E29DE}"
EndProject
Global
	GlobalSection(SolutionConfigurationPlatforms) = preSolution
		Debug|Any CPU = Debug|Any CPU
		Release|Any CPU = Release|Any CPU
	EndGlobalSection
	GlobalSection(ProjectConfigurationPlatforms) = postSolution
		{1A71F674-1EFD-4A0C-8AF9-B025131E29DE}.Debug|Any CPU.ActiveCfg = Debug|Any CPU
		{1A71F674-1EFD-4A0C-8AF9-B025131E29DE}.Debug|Any CPU.Build.0 = Debug|Any CPU
		{1A71F674-1EFD-4A0C-8AF9-B025131E29DE}.Release|Any CPU.ActiveCfg = Release|Any CPU
		{1A71F674-1EFD-4A0C-8AF9-B025131E29DE}.Release|Any CPU.Build.0 = Release|Any CPU
	EndGlobalSection
	GlobalSection(SolutionProperties) = preSolution
		HideSolutionNode = FALSE
	EndGlobalSection
	GlobalSection(ExtensibilityGlobals) = postSolution
		SolutionGuid = {E26CDB61-C1AA-473D-BC76-11410FBFB4BB}
	EndGlobalSection
EndGlobal
